{
  "lockfileVersion": 1,
  "configVersion": 1,
  "workspaces": {
    "": {
      "name": "documint",
      "devDependencies": {
        "@chenglou/pretext": "0.0.7",
        "@types/bun": "latest",
        "@types/react": "^19.2.15",
        "@types/react-dom": "^19.2.3",
        "bun-plugin-tailwind": "^0.1.2",
        "dts-bundle-generator": "^9.5.1",
        "lucide-react": "^1.16.0",
        "oxfmt": "latest",
        "oxlint": "latest",
        "react": "^19.2.6",
        "react-dom": "^19.2.6",
        "tailwindcss": "^4.3.0",
        "typescript": "^6.0.3",
      },
      "peerDependencies": {
        "react": "^19.0.0",
        "react-dom": "^19.0.0",
      },
    },
  },
  "packages": {
    "@chenglou/pretext": ["@chenglou/pretext@0.0.7", "", {}, "sha512-FV5hj3fGqpBlzbANUbR+s+6XuNRrghVVyuNs33zdH2SzU7MvK+7GlW6xREjDCreixKbexEn7OEkDgAFeWuu5Hg=="],

    "@oven/bun-darwin-aarch64": ["@oven/bun-darwin-aarch64@1.3.13", "", { "os": "darwin", "cpu": "arm64" }, "sha512-qAS6Hg8Q14ckfBuqJ2Zh7gBQSVSUHeibSq4OFqBTv6DzyJuxYlr0sdYQzmYmnbPxbqobekqUDTa/4XEaqRi7vg=="],

    "@oven/bun-darwin-x64": ["@oven/bun-darwin-x64@1.3.13", "", { "os": "darwin", "cpu": "x64" }, "sha512-kGePeDD4IN4imo+H4uLjQGZLmvyYQg+nKr2P0nt4ksXXrWA4HE+mb0/TUPHfRI127DocXQpew+fvrHuHR5mpJQ=="],

    "@oven/bun-darwin-x64-baseline": ["@oven/bun-darwin-x64-baseline@1.3.13", "", { "os": "darwin", "cpu": "x64" }, "sha512-gMEQayUpmCPYaE9zkNBj9TiQqHupnhjOYcuSzxFjzIjHJBUO4VjNnrpbKVeXNs+rKHFothORDd2QKquu5paSPQ=="],

    "@oven/bun-linux-aarch64": ["@oven/bun-linux-aarch64@1.3.13", "", { "os": "linux", "cpu": "arm64" }, "sha512-NbLOJdr+RBFO1vFZ2YUFg4oVJ+2ua6zrwo4ZWRs0jKKcGJWtbY2wY5uz+i0PkwH6b9HYaYDgVTzE4ev06ncYZw=="],

    "@oven/bun-linux-aarch64-musl": ["@oven/bun-linux-aarch64-musl@1.3.13", "", { "os": "linux", "cpu": "arm64" }, "sha512-UV9EE18VE5aRhWtV2L6MTAGGn3slhJJ2OW/m+FJM15maHm0qf1V7TaZY0FovxhdQRvnklSiQ7Ntv0H5TUX4w0g=="],

    "@oven/bun-linux-x64": ["@oven/bun-linux-x64@1.3.13", "", { "os": "linux", "cpu": "x64" }, "sha512-UwttIUXoe9fS+40OcjoaRHgZw+HCPFqBVWEXkXqAJ3W7wA0XPZrWsoMAD9sGh3TaLqrwdiMo5xPogwpXhOtVXA=="],

    "@oven/bun-linux-x64-baseline": ["@oven/bun-linux-x64-baseline@1.3.13", "", { "os": "linux", "cpu": "x64" }, "sha512-fOi4ziKzgJG4UrrNd4AicBs6Fu9GY5xOqg+9tC76nuZNDAdSh6++kzab6TNi1Ck0Yzq6zIBIdGit6/0uSbBn8A=="],

    "@oven/bun-linux-x64-musl": ["@oven/bun-linux-x64-musl@1.3.13", "", { "os": "linux", "cpu": "x64" }, "sha512-+VHhE44kEjCXcTFHyc81zfTxL9+vzh9RqIh7gM1iWNhxpctD9kzntbUkP3UTFTwwNjoou1o8VRyxQafvc4OepA=="],

    "@oven/bun-linux-x64-musl-baseline": ["@oven/bun-linux-x64-musl-baseline@1.3.13", "", { "os": "linux", "cpu": "x64" }, "sha512-fqBKuiiWLEu2dVkowZaXgKS98xfrvBqivdoxRtRP3eINcpI1dcelGbsOz+Xphn7tbGAuBiE1/0AelvvvdqS9rg=="],

    "@oven/bun-windows-aarch64": ["@oven/bun-windows-aarch64@1.3.13", "", { "os": "win32", "cpu": "arm64" }, "sha512-+EvdRWRCRg95Xea4M2lqSJFTjzQBTJDQTMlbG8bmwFkVTN16MdmSH7xhfxVQWUOyZBLEpIwuNFIlBBxVCwSUyQ=="],

    "@oven/bun-windows-x64": ["@oven/bun-windows-x64@1.3.13", "", { "os": "win32", "cpu": "x64" }, "sha512-vqDEFX63ZZQF3YstPSpPD+RxNm5AILPdUuuKpNwsj7ld4NjhdHUYkAmLXDtKNWt9JMRL10bop//W8faY/LV+RQ=="],

    "@oven/bun-windows-x64-baseline": ["@oven/bun-windows-x64-baseline@1.3.13", "", { "os": "win32", "cpu": "x64" }, "sha512-6gy4hhQSjq/T/S9hC9m3NxY0RY+9Ww+XNlB+8koIMTsMSYEjk7Ho+hFHQz1Bn4W61Ub7Vykufg+jgDgPfa2GFA=="],

    "@oxfmt/binding-android-arm-eabi": ["@oxfmt/binding-android-arm-eabi@0.51.0", "", { "os": "android", "cpu": "arm" }, "sha512-Ni0sCqg5CIHaLIYFGj+ncbcumylvNC6FE4rfD0KfdmnWHbPJ+zev0qZCXKxy2hFVa0fYRK0yPzf5nzPbkZou7g=="],

    "@oxfmt/binding-android-arm64": ["@oxfmt/binding-android-arm64@0.51.0", "", { "os": "android", "cpu": "arm64" }, "sha512-eu5lAZjuo0KAkp+M24EhDqfOwA8owQ8d7wyBlOUUGRbDLHpU3IRlDHp8Dif+YqGlxs6jra7yS6WQu/NkPhAxeg=="],

    "@oxfmt/binding-darwin-arm64": ["@oxfmt/binding-darwin-arm64@0.51.0", "", { "os": "darwin", "cpu": "arm64" }, "sha512-6LsUNIdURhhcIfIn8+xsOb61mSTa9msAHTeSGx9Jf4rsP/gN8PGCF+SKWPAQZbND2w/WBkqQ6303jqEEIXzMdQ=="],

    "@oxfmt/binding-darwin-x64": ["@oxfmt/binding-darwin-x64@0.51.0", "", { "os": "darwin", "cpu": "x64" }, "sha512-9aUMGmVxdHjYMsEAW1tNRoieTJXlVNDFkRvIR1J7LttJXWjVYCu2ekclLij2KJtxBxSQOYSHd12ME/adVGVbZg=="],

    "@oxfmt/binding-freebsd-x64": ["@oxfmt/binding-freebsd-x64@0.51.0", "", { "os": "freebsd", "cpu": "x64" }, "sha512-mkY1nhZTqYb+NHaAWxOCKISN6FwdrwMNsu17vTUA3wzUV2VJ+Paq15ZokRcsMU/2PUdHO73prxyeJpjXQ3MPpQ=="],

    "@oxfmt/binding-linux-arm-gnueabihf": ["@oxfmt/binding-linux-arm-gnueabihf@0.51.0", "", { "os": "linux", "cpu": "arm" }, "sha512-wtFwNwE4+YCNuPaWoGDZeGsKvD6D1YSUNBJNn/rJBh7CrDBThFE+TBI5kY7vRW9rIOQRsbW2IpyyL3Du4Zqwiw=="],

    "@oxfmt/binding-linux-arm-musleabihf": ["@oxfmt/binding-linux-arm-musleabihf@0.51.0", "", { "os": "linux", "cpu": "arm" }, "sha512-rnOaNx86G7iRKM6lsCIQMux0SMGNC/TEbFR+r7lpruJ12bnrIWgxd5w1PLqOvgR9r8ZJbpK/zfRKctJnh8/Jfg=="],

    "@oxfmt/binding-linux-arm64-gnu": ["@oxfmt/binding-linux-arm64-gnu@0.51.0", "", { "os": "linux", "cpu": "arm64" }, "sha512-jOgDzSqWcICGRjsp4mc08FxKMN8vzP2Kgs4E0d2HUP99F+nJDQKklRV4Zuj+0gcBgjrzx2CbpqaIdUVPepCojA=="],

    "@oxfmt/binding-linux-arm64-musl": ["@oxfmt/binding-linux-arm64-musl@0.51.0", "", { "os": "linux", "cpu": "arm64" }, "sha512-KBUCdrH5bwVrAvI9gU/1S55oH6fzXjr++J/oVocdu7bYTks1l7DNNT+rLd/1TDdAEjObGwmfWamn7LC1m8A0DQ=="],

    "@oxfmt/binding-linux-ppc64-gnu": ["@oxfmt/binding-linux-ppc64-gnu@0.51.0", "", { "os": "linux", "cpu": "ppc64" }, "sha512-NapfjYsABFqTJ1Dn9Efq6sN5esaHconVKwVLbDGNQLrwpOx/g17mkwErHzU72PutL67nf3wNAkbq122H+zLxag=="],

    "@oxfmt/binding-linux-riscv64-gnu": ["@oxfmt/binding-linux-riscv64-gnu@0.51.0", "", { "os": "linux", "cpu": "none" }, "sha512-5dlDt1dUZCVi6elIhiK1PWg9wpTzTcIuj0IZnSurvIoMrhOWqqTcc1dSTxcSkNaBZhfsNqRZdINI1zAgbKkJNQ=="],

    "@oxfmt/binding-linux-riscv64-musl": ["@oxfmt/binding-linux-riscv64-musl@0.51.0", "", { "os": "linux", "cpu": "none" }, "sha512-pgdWUJn0S5nulyiVdlFV8DzCUnGXkU99W5PSkkmbaZW+LrZBPxpezun4G0DDHbQaVYuJeCuKsXsGKGo77CkUTQ=="],

    "@oxfmt/binding-linux-s390x-gnu": ["@oxfmt/binding-linux-s390x-gnu@0.51.0", "", { "os": "linux", "cpu": "s390x" }, "sha512-2XTFUe97CbDGAI8vjwDfZ1HdakO0XIADyJ24idEg64SC4/K4in/OisXVnrW4NMK7I6TgC7EqRhC0Ln/nKhAemA=="],

    "@oxfmt/binding-linux-x64-gnu": ["@oxfmt/binding-linux-x64-gnu@0.51.0", "", { "os": "linux", "cpu": "x64" }, "sha512-kQ1OuCqqt/yyf0ZN9VFxW1/JnlgJgii3Dr7pWf9vNBvrX1hv6g39/+mc5oGRHRGJFZtl3zsGDWR9c5N2B/gwBw=="],

    "@oxfmt/binding-linux-x64-musl": ["@oxfmt/binding-linux-x64-musl@0.51.0", "", { "os": "linux", "cpu": "x64" }, "sha512-ARTYqxHF475o96Gbn41hvSWSSRygPlRDXZZgZ9I2scU1y0qiWpCQyZCoefaQa0mwv+wwtZ+luS4YOzsRzM/izg=="],

    "@oxfmt/binding-openharmony-arm64": ["@oxfmt/binding-openharmony-arm64@0.51.0", "", { "os": "none", "cpu": "arm64" }, "sha512-QiC1XrCl6a6BmqMzduO8hdIRMf1m44hCkt2Q68KWkTvUB/E7fd2iomyNh6KnnRca5w6eBrRAAtLFqTh+xjsjJA=="],

    "@oxfmt/binding-win32-arm64-msvc": ["@oxfmt/binding-win32-arm64-msvc@0.51.0", "", { "os": "win32", "cpu": "arm64" }, "sha512-NC/hJb9dtU23Zf8L7IVK95xnFjiQ7AfcLO2l5pb69TDEr958qxrtnB2CveeeNSCBFNIkgaTCfd/vHNSoG78l9g=="],

    "@oxfmt/binding-win32-ia32-msvc": ["@oxfmt/binding-win32-ia32-msvc@0.51.0", "", { "os": "win32", "cpu": "ia32" }, "sha512-2C45za4Rj36n8YIbhRL1PQbxmXJYf81WEcAgvj5I4ptRROG+A+81hREEN5bmCHADE1UfYaN312U6tkILoZZy6w=="],

    "@oxfmt/binding-win32-x64-msvc": ["@oxfmt/binding-win32-x64-msvc@0.51.0", "", { "os": "win32", "cpu": "x64" }, "sha512-73RqdAuVKQTkjZIDw08JaDHUM4lav5Qu+CaPwg4QbbA7k8o7LEW0p3UsfZ/F8dsO/pwVYh3RzFcanwLRTTahbQ=="],

    "@oxlint/binding-android-arm-eabi": ["@oxlint/binding-android-arm-eabi@1.66.0", "", { "os": "android", "cpu": "arm" }, "sha512-f7kq8N51T4phpzqfBpA2qaVTI/KrkCmNwaj3t/97I/WLTDI+UhlP5GL9eER+zVxBhtlx5rKXWByJU1/zDAvyaw=="],

    "@oxlint/binding-android-arm64": ["@oxlint/binding-android-arm64@1.66.0", "", { "os": "android", "cpu": "arm64" }, "sha512-xu6QO71tdDS9mjmLZ3AqhtaVHBvdmsOKkYnReNNDgh+XiwnsipeQOIxbiYOOO0iAXycJ+GK0wdMSZP/2j/AmSg=="],

    "@oxlint/binding-darwin-arm64": ["@oxlint/binding-darwin-arm64@1.66.0", "", { "os": "darwin", "cpu": "arm64" }, "sha512-HZ24VimSOC7mxuEA99e0H2FS0C1yO3+iW13jPRAk+e2njsUs3QeAXsafCDyaIrV/MirdOVez+etQNQsJE43zNQ=="],

    "@oxlint/binding-darwin-x64": ["@oxlint/binding-darwin-x64@1.66.0", "", { "os": "darwin", "cpu": "x64" }, "sha512-awhj8ZvJrrRSnXj7V++rpZvTmnl99L6mi0B7gg7Cp7BN6cKpzuI481bHNLvXGA9GB1/oEgA3ponuyoAc6Md12A=="],

    "@oxlint/binding-freebsd-x64": ["@oxlint/binding-freebsd-x64@1.66.0", "", { "os": "freebsd", "cpu": "x64" }, "sha512-KQF0oVV21/FjIqkRuL8Q1vh8ECsE5+ocdH5tcqTQ4ZnYuDVoYibQUNfqBjQaUsP6UIIda5Y75Wpm5p4RgQWiWw=="],

    "@oxlint/binding-linux-arm-gnueabihf": ["@oxlint/binding-linux-arm-gnueabihf@1.66.0", "", { "os": "linux", "cpu": "arm" }, "sha512-9u1rgwZSEXWb30vbFZzQ78HVXBo0WCKNwJ3a2InRUTNMRng+PUDIoSFmA+m4HdUfBaIqftShq8J8qHc+eE/Vig=="],

    "@oxlint/binding-linux-arm-musleabihf": ["@oxlint/binding-linux-arm-musleabihf@1.66.0", "", { "os": "linux", "cpu": "arm" }, "sha512-Ynot2HR1bHxUaNWoC280MVTDfZuaWuP3XfSMRDhyuZrVjhzoaBCVFlw8h8qeZjWKVUBhPWFIxB7AQTlK8Z2WWg=="],

    "@oxlint/binding-linux-arm64-gnu": ["@oxlint/binding-linux-arm64-gnu@1.66.0", "", { "os": "linux", "cpu": "arm64" }, "sha512-xCbgzciGgo+A4aQZEknsNrNiIwY7sU5SfRuMmRjPIvZAgdF34cIHiKvwOsS5XRLjlTVSFwitmq6YclTtHTfU+g=="],

    "@oxlint/binding-linux-arm64-musl": ["@oxlint/binding-linux-arm64-musl@1.66.0", "", { "os": "linux", "cpu": "arm64" }, "sha512-hmo+ZB/lHkR1HdDmnziNpzSLmulnUSu10VEqX2Yex7OwvoBAbjJQLvy4gIBRV3AAwWnCvAxKp5Nv1GE6LU1QMg=="],

    "@oxlint/binding-linux-ppc64-gnu": ["@oxlint/binding-linux-ppc64-gnu@1.66.0", "", { "os": "linux", "cpu": "ppc64" }, "sha512-2Invd4Uyy81mVooQC5FBtfxSNrvcX1OxbMlVQ6M2erRrNI2awFYF26YNW2yFxdVFZ4ffNOWKghtMjhnUPsXsVA=="],

    "@oxlint/binding-linux-riscv64-gnu": ["@oxlint/binding-linux-riscv64-gnu@1.66.0", "", { "os": "linux", "cpu": "none" }, "sha512-s0iXPDQVdgayE3RGa/N2DZF7tjgg0TwEtD1sGoDxqPDGrIXgo45H0yHknT0f9A0yteASsweYZtDyTuVlM4aSag=="],

    "@oxlint/binding-linux-riscv64-musl": ["@oxlint/binding-linux-riscv64-musl@1.66.0", "", { "os": "linux", "cpu": "none" }, "sha512-OekL4XFiu7RPK0JIZi8VeHgtIXPREf42t8Cy/rKEsC+P3gcqDgNAAGiyuUOpdbG4wwbfue1q4CHcCO7spSve6w=="],

    "@oxlint/binding-linux-s390x-gnu": ["@oxlint/binding-linux-s390x-gnu@1.66.0", "", { "os": "linux", "cpu": "s390x" }, "sha512-Ga1D0kj1SFslm34ThA/BdkUlyAYEnTsXyRC4pF0C5agZSwtGdHYWMTQWemUfBGp4RCG4QWXgdO+HmmmKqOtlBg=="],

    "@oxlint/binding-linux-x64-gnu": ["@oxlint/binding-linux-x64-gnu@1.66.0", "", { "os": "linux", "cpu": "x64" }, "sha512-p5jfP1wUZe/IC3qpQO84n9DRnf9g3lKRtLBlQq23ykyrDglHcVx7sWmVTlPuU6SBw8mNnPzyOn022G3XZHnlww=="],

    "@oxlint/binding-linux-x64-musl": ["@oxlint/binding-linux-x64-musl@1.66.0", "", { "os": "linux", "cpu": "x64" }, "sha512-vUB/sYlYZorDL1ZD+o9mRv7zbsykrrFRtmgS6R8musZqLtrPRQn1gc1eGpuX+sfdccz42STl/AqldY6XRb2upQ=="],

    "@oxlint/binding-openharmony-arm64": ["@oxlint/binding-openharmony-arm64@1.66.0", "", { "os": "none", "cpu": "arm64" }, "sha512-yde+6p/F59xRkGR9H1HfngWRif1QRJjynZK349l+UI0H6w9hL3G8/AVaTHFyTtLVQ56qtNbX2/5Dc77n1ovnOg=="],

    "@oxlint/binding-win32-arm64-msvc": ["@oxlint/binding-win32-arm64-msvc@1.66.0", "", { "os": "win32", "cpu": "arm64" }, "sha512-O9GLucgoTdmOrbBX+EjzNe7o/Ze5TFOvXcib6bzUOtBOmj6cV+zw18NgB+cGKAkDw1Pdqs8vGkfHbbsLuDtXWg=="],

    "@oxlint/binding-win32-ia32-msvc": ["@oxlint/binding-win32-ia32-msvc@1.66.0", "", { "os": "win32", "cpu": "ia32" }, "sha512-m3Pjwc2MfTcom4E4gOv7DyuGyt7OfGNCbmqDHd+N7EzXmP+ppHuudm2NjcA3AjV5TSeGxaguVF4SbTKHe1USYA=="],

    "@oxlint/binding-win32-x64-msvc": ["@oxlint/binding-win32-x64-msvc@1.66.0", "", { "os": "win32", "cpu": "x64" }, "sha512-/DbBvw8UFBhja6PqudUjV4UtfsJr0Oa7jUjWVKB0g86lj/VwnPrkngn0sFql3c9RDA0O16dh7ozsXb6GjNAzBQ=="],

    "@types/bun": ["@types/bun@1.3.14", "", { "dependencies": { "bun-types": "1.3.14" } }, "sha512-h1hFqFVcvAvD9j9K7ZW7vd82aSA+rTdznZa+5bwvCwqSB1jmmfLcbIWhOLx1/+boy/xmjgCs/OMUL8hRJSmnPw=="],

    "@types/node": ["@types/node@25.5.2", "", { "dependencies": { "undici-types": "~7.18.0" } }, "sha512-tO4ZIRKNC+MDWV4qKVZe3Ql/woTnmHDr5JD8UI5hn2pwBrHEwOEMZK7WlNb5RKB6EoJ02gwmQS9OrjuFnZYdpg=="],

    "@types/react": ["@types/react@19.2.15", "", { "dependencies": { "csstype": "^3.2.2" } }, "sha512-eRwcGNHve+E8qtEQSSRl6urh+rFop4v8gm6O8rGv25CodbvFdLjA1vVQ1KkiFE0w0UPOnb8tDiFKL5lp0rtY5Q=="],

    "@types/react-dom": ["@types/react-dom@19.2.3", "", { "peerDependencies": { "@types/react": "^19.2.0" } }, "sha512-jp2L/eY6fn+KgVVQAOqYItbF0VY/YApe5Mz2F0aykSO8gx31bYCZyvSeYxCHKvzHG5eZjc+zyaS5BrBWya2+kQ=="],

    "ansi-regex": ["ansi-regex@5.0.1", "", {}, "sha512-quJQXlTSUGL2LH9SUXo8VwsY4soanhgo6LNSm84E1LBcE8s3O0wpdiRzyR9z/ZZJMlMWv37qOOb9pdJlMUEKFQ=="],

    "ansi-styles": ["ansi-styles@4.3.0", "", { "dependencies": { "color-convert": "^2.0.1" } }, "sha512-zbB9rCJAT1rbjiVDb2hqKFHNYLxgtk8NURxZ3IZwD3F6NtxbXZQCnnSi1Lkx+IDohdPlFp222wVALIheZJQSEg=="],

    "bun": ["bun@1.3.13", "", { "optionalDependencies": { "@oven/bun-darwin-aarch64": "1.3.13", "@oven/bun-darwin-x64": "1.3.13", "@oven/bun-darwin-x64-baseline": "1.3.13", "@oven/bun-linux-aarch64": "1.3.13", "@oven/bun-linux-aarch64-musl": "1.3.13", "@oven/bun-linux-x64": "1.3.13", "@oven/bun-linux-x64-baseline": "1.3.13", "@oven/bun-linux-x64-musl": "1.3.13", "@oven/bun-linux-x64-musl-baseline": "1.3.13", "@oven/bun-windows-aarch64": "1.3.13", "@oven/bun-windows-x64": "1.3.13", "@oven/bun-windows-x64-baseline": "1.3.13" }, "os": [ "linux", "win32", "darwin", ], "cpu": [ "x64", "arm64", ], "bin": { "bun": "bin/bun.exe", "bunx": "bin/bunx.exe" } }, "sha512-b9T4xZ8KqCHs4+TkHJv540LG1B8OD7noKu0Qaizusx3jFtMDHY6osNqgbaOlwW2B8RB2AKzz+sjzlGKIGxIjZw=="],

    "bun-plugin-tailwind": ["bun-plugin-tailwind@0.1.2", "", { "peerDependencies": { "bun": ">=1.0.0" } }, "sha512-41jNC1tZRSK3s1o7pTNrLuQG8kL/0vR/JgiTmZAJ1eHwe0w5j6HFPKeqEk0WAD13jfrUC7+ULuewFBBCoADPpg=="],

    "bun-types": ["bun-types@1.3.14", "", { "dependencies": { "@types/node": "*" } }, "sha512-4N0ig0fEomHt5R0KCFWjovxow98rIoRwKolrYdCcknNwMekCXRnWEUvgu5soYV8QXtVsrUD8B95MBOZGPvr6KQ=="],

    "cliui": ["cliui@8.0.1", "", { "dependencies": { "string-width": "^4.2.0", "strip-ansi": "^6.0.1", "wrap-ansi": "^7.0.0" } }, "sha512-BSeNnyus75C4//NQ9gQt1/csTXyo/8Sb+afLAkzAptFuMsod9HFokGNudZpi/oQV73hnVK+sR+5PVRMd+Dr7YQ=="],

    "color-convert": ["color-convert@2.0.1", "", { "dependencies": { "color-name": "~1.1.4" } }, "sha512-RRECPsj7iu/xb5oKYcsFHSppFNnsj/52OVTRKb4zP5onXwVF3zVmmToNcOfGC+CRDpfK/U584fMg38ZHCaElKQ=="],

    "color-name": ["color-name@1.1.4", "", {}, "sha512-dOy+3AuW3a2wNbZHIuMZpTcgjGuLU/uBL/ubcZF9OXbDo8ff4O8yVp5Bf0efS8uEoYo5q4Fx7dY9OgQGXgAsQA=="],

    "csstype": ["csstype@3.2.3", "", {}, "sha512-z1HGKcYy2xA8AGQfwrn0PAy+PB7X/GSj3UVJW9qKyn43xWa+gl5nXmU4qqLMRzWVLFC8KusUX8T/0kCiOYpAIQ=="],

    "dts-bundle-generator": ["dts-bundle-generator@9.5.1", "", { "dependencies": { "typescript": ">=5.0.2", "yargs": "^17.6.0" }, "bin": { "dts-bundle-generator": "dist/bin/dts-bundle-generator.js" } }, "sha512-DxpJOb2FNnEyOzMkG11sxO2dmxPjthoVWxfKqWYJ/bI/rT1rvTMktF5EKjAYrRZu6Z6t3NhOUZ0sZ5ZXevOfbA=="],

    "emoji-regex": ["emoji-regex@8.0.0", "", {}, "sha512-MSjYzcWNOA0ewAHpz0MxpYFvwg6yjy1NG3xteoqz644VCo/RPgnr1/GGt+ic3iJTzQ8Eu3TdM14SawnVUmGE6A=="],

    "escalade": ["escalade@3.2.0", "", {}, "sha512-WUj2qlxaQtO4g6Pq5c29GTcWGDyd8itL8zTlipgECz3JesAiiOKotd8JU6otB3PACgG6xkJUyVhboMS+bje/jA=="],

    "get-caller-file": ["get-caller-file@2.0.5", "", {}, "sha512-DyFP3BM/3YHTQOCUL/w0OZHR0lpKeGrxotcHWcqNEdnltqFwXVfhEBQ94eIo34AfQpo0rGki4cyIiftY06h2Fg=="],

    "is-fullwidth-code-point": ["is-fullwidth-code-point@3.0.0", "", {}, "sha512-zymm5+u+sCsSWyD9qNaejV3DFvhCKclKdizYaJUuHA83RLjb7nSuGnddCHGv0hk+KY7BMAlsWeK4Ueg6EV6XQg=="],

    "lucide-react": ["lucide-react@1.16.0", "", { "peerDependencies": { "react": "^16.5.1 || ^17.0.0 || ^18.0.0 || ^19.0.0" } }, "sha512-dYwyPzb4MEKpGUmNYk3WKWPnMrHs3FKM+q94kAnJrcDIqqn1hq2xY8scaS2ovsOCM5D51ey2gaRG3PBb1vgoYQ=="],

    "oxfmt": ["oxfmt@0.51.0", "", { "dependencies": { "tinypool": "2.1.0" }, "optionalDependencies": { "@oxfmt/binding-android-arm-eabi": "0.51.0", "@oxfmt/binding-android-arm64": "0.51.0", "@oxfmt/binding-darwin-arm64": "0.51.0", "@oxfmt/binding-darwin-x64": "0.51.0", "@oxfmt/binding-freebsd-x64": "0.51.0", "@oxfmt/binding-linux-arm-gnueabihf": "0.51.0", "@oxfmt/binding-linux-arm-musleabihf": "0.51.0", "@oxfmt/binding-linux-arm64-gnu": "0.51.0", "@oxfmt/binding-linux-arm64-musl": "0.51.0", "@oxfmt/binding-linux-ppc64-gnu": "0.51.0", "@oxfmt/binding-linux-riscv64-gnu": "0.51.0", "@oxfmt/binding-linux-riscv64-musl": "0.51.0", "@oxfmt/binding-linux-s390x-gnu": "0.51.0", "@oxfmt/binding-linux-x64-gnu": "0.51.0", "@oxfmt/binding-linux-x64-musl": "0.51.0", "@oxfmt/binding-openharmony-arm64": "0.51.0", "@oxfmt/binding-win32-arm64-msvc": "0.51.0", "@oxfmt/binding-win32-ia32-msvc": "0.51.0", "@oxfmt/binding-win32-x64-msvc": "0.51.0" }, "peerDependencies": { "svelte": "^5.0.0" }, "optionalPeers": ["svelte"], "bin": { "oxfmt": "bin/oxfmt" } }, "sha512-l/AoAnaEOV7Q5/Z9kHOMDehVJnCgYN7wRoooWCTUMBMi16BJhLZqd9cmCnwcVFfVlzkt53zK2KLPFNp8vSsoDg=="],

    "oxlint": ["oxlint@1.66.0", "", { "optionalDependencies": { "@oxlint/binding-android-arm-eabi": "1.66.0", "@oxlint/binding-android-arm64": "1.66.0", "@oxlint/binding-darwin-arm64": "1.66.0", "@oxlint/binding-darwin-x64": "1.66.0", "@oxlint/binding-freebsd-x64": "1.66.0", "@oxlint/binding-linux-arm-gnueabihf": "1.66.0", "@oxlint/binding-linux-arm-musleabihf": "1.66.0", "@oxlint/binding-linux-arm64-gnu": "1.66.0", "@oxlint/binding-linux-arm64-musl": "1.66.0", "@oxlint/binding-linux-ppc64-gnu": "1.66.0", "@oxlint/binding-linux-riscv64-gnu": "1.66.0", "@oxlint/binding-linux-riscv64-musl": "1.66.0", "@oxlint/binding-linux-s390x-gnu": "1.66.0", "@oxlint/binding-linux-x64-gnu": "1.66.0", "@oxlint/binding-linux-x64-musl": "1.66.0", "@oxlint/binding-openharmony-arm64": "1.66.0", "@oxlint/binding-win32-arm64-msvc": "1.66.0", "@oxlint/binding-win32-ia32-msvc": "1.66.0", "@oxlint/binding-win32-x64-msvc": "1.66.0" }, "peerDependencies": { "oxlint-tsgolint": ">=0.22.1" }, "optionalPeers": ["oxlint-tsgolint"], "bin": { "oxlint": "bin/oxlint" } }, "sha512-N4LLxYLd94KEBqXDMDM5f+2PUpItTjDLreXe2Gn5KhjhCK4Qp2YUXaBi8Yu325ryOgKwt22m45fpD7nPOn69Yw=="],

    "react": ["react@19.2.6", "", {}, "sha512-sfWGGfavi0xr8Pg0sVsyHMAOziVYKgPLNrS7ig+ivMNb3wbCBw3KxtflsGBAwD3gYQlE/AEZsTLgToRrSCjb0Q=="],

    "react-dom": ["react-dom@19.2.6", "", { "dependencies": { "scheduler": "^0.27.0" }, "peerDependencies": { "react": "^19.2.6" } }, "sha512-0prMI+hvBbPjsWnxDLxlCGyM8PN6UuWjEUCYmZhO67xIV9Xasa/r/vDnq+Xyq4Lo27g8QSbO5YzARu0D1Sps3g=="],

    "require-directory": ["require-directory@2.1.1", "", {}, "sha512-fGxEI7+wsG9xrvdjsrlmL22OMTTiHRwAMroiEeMgq8gzoLC/PQr7RsRDSTLUg/bZAZtF+TVIkHc6/4RIKrui+Q=="],

    "scheduler": ["scheduler@0.27.0", "", {}, "sha512-eNv+WrVbKu1f3vbYJT/xtiF5syA5HPIMtf9IgY/nKg0sWqzAUEvqY/xm7OcZc/qafLx/iO9FgOmeSAp4v5ti/Q=="],

    "string-width": ["string-width@4.2.3", "", { "dependencies": { "emoji-regex": "^8.0.0", "is-fullwidth-code-point": "^3.0.0", "strip-ansi": "^6.0.1" } }, "sha512-wKyQRQpjJ0sIp62ErSZdGsjMJWsap5oRNihHhu6G7JVO/9jIB6UyevL+tXuOqrng8j/cxKTWyWUwvSTriiZz/g=="],

    "strip-ansi": ["strip-ansi@6.0.1", "", { "dependencies": { "ansi-regex": "^5.0.1" } }, "sha512-Y38VPSHcqkFrCpFnQ9vuSXmquuv5oXOKpGeT6aGrr3o3Gc9AlVa6JBfUSOCnbxGGZF+/0ooI7KrPuUSztUdU5A=="],

    "tailwindcss": ["tailwindcss@4.3.0", "", {}, "sha512-y6nxMGB1nMW9R6k96e5gdIFzcfL/gTJRNaqGes1YvkLnPVXzWgbqFF2yLC0T8G774n24cx3Pe8XrKoniCOAH+Q=="],

    "tinypool": ["tinypool@2.1.0", "", {}, "sha512-Pugqs6M0m7Lv1I7FtxN4aoyToKg1C4tu+/381vH35y8oENM/Ai7f7C4StcoK4/+BSw9ebcS8jRiVrORFKCALLw=="],

    "typescript": ["typescript@6.0.3", "", { "bin": { "tsc": "bin/tsc", "tsserver": "bin/tsserver" } }, "sha512-y2TvuxSZPDyQakkFRPZHKFm+KKVqIisdg9/CZwm9ftvKXLP8NRWj38/ODjNbr43SsoXqNuAisEf1GdCxqWcdBw=="],

    "undici-types": ["undici-types@7.18.2", "", {}, "sha512-AsuCzffGHJybSaRrmr5eHr81mwJU3kjw6M+uprWvCXiNeN9SOGwQ3Jn8jb8m3Z6izVgknn1R0FTCEAP2QrLY/w=="],

    "wrap-ansi": ["wrap-ansi@7.0.0", "", { "dependencies": { "ansi-styles": "^4.0.0", "string-width": "^4.1.0", "strip-ansi": "^6.0.0" } }, "sha512-YVGIj2kamLSTxw6NsZjoBxfSwsn0ycdesmc4p+Q21c5zPuZ1pl+NfxVdxPtdHvmNVOQ6XSYG4AUtyt/Fi7D16Q=="],

    "y18n": ["y18n@5.0.8", "", {}, "sha512-0pfFzegeDWJHJIAmTLRP2DwHjdF5s7jo9tuztdQxAhINCdvS+3nGINqPd00AphqJR/0LhANUS6/+7SCb98YOfA=="],

    "yargs": ["yargs@17.7.2", "", { "dependencies": { "cliui": "^8.0.1", "escalade": "^3.1.1", "get-caller-file": "^2.0.5", "require-directory": "^2.1.1", "string-width": "^4.2.3", "y18n": "^5.0.5", "yargs-parser": "^21.1.1" } }, "sha512-7dSzzRQ++CKnNI/krKnYRV7JKKPUXMEh61soaHKg9mrWEhzFWhFnxPxGl+69cD1Ou63C13NUPCnmIcrvqCuM6w=="],

    "yargs-parser": ["yargs-parser@21.1.1", "", {}, "sha512-tVpsJW7DdjecAiFpbIB1e3qxIQsE6NoPc5/eTdrbbIC4h0LVsWhnoa3g+m2HclBIujHzsxZ4VJVA+GUuc2/LBw=="],

    "dts-bundle-generator/typescript": ["typescript@5.9.3", "", { "bin": { "tsc": "bin/tsc", "tsserver": "bin/tsserver" } }, "sha512-jl1vZzPDinLr9eUt3J/t7V6FgNEw9QjvBPdysz9KfQDD41fQrC2Y4vKQdiaUpFT4bXlb1RHhLpp8wtm6M5TgSw=="],
  }
}
